
Microsoft Visual Studio Solution File, Format Version 12.00
# Visual Studio Version 16
VisualStudioVersion = 16.0.28407.52
MinimumVisualStudioVersion = 10.0.40219.1
Project("{9A19103F-16F7-4668-BE54-9A1E7A4F7556}") = "AspNetCore.Client", "src\AspNetCore.Client\AspNetCore.Client.csproj", "{3709B2AC-A6E2-4707-A2F4-DBE6AFC3A012}"
EndProject
Project("{2150E333-8FDC-42A3-9474-1A3956D46DE8}") = "Solution Items", "Solution Items", "{0A0F6ACE-08C3-4894-B7D2-537B06B057BC}"
	ProjectSection(SolutionItems) = preProject
		.gitignore = .gitignore
		after.AspNetCore.Client.sln.targets = after.AspNetCore.Client.sln.targets
		appveyor.yml = appveyor.yml
		Build.ps1 = Build.ps1
		Directory.Build.targets = Directory.Build.targets
		global.json = global.json
		LICENSE = LICENSE
		NuGet.config = NuGet.config
		README.md = README.md
	EndProjectSection
EndProject
Project("{2150E333-8FDC-42A3-9474-1A3956D46DE8}") = "src", "src", "{F0EC1B44-13B2-4817-80A8-D67960BD79E1}"
EndProject
Project("{2150E333-8FDC-42A3-9474-1A3956D46DE8}") = "test", "test", "{765F8CBA-ECD0-4E5B-AB1D-AC0F508A05AC}"
EndProject
Project("{9A19103F-16F7-4668-BE54-9A1E7A4F7556}") = "TestWebApp", "test\TestWebApp\TestWebApp.csproj", "{303D91A0-1A4E-4F98-A81F-35072F18C19A}"
EndProject
Project("{9A19103F-16F7-4668-BE54-9A1E7A4F7556}") = "TestWebApp.Clients", "test\TestWebApp.Clients\TestWebApp.Clients.csproj", "{D59C431C-CAB3-4BAD-8AAA-2D2042E492D3}"
EndProject
Project("{2150E333-8FDC-42A3-9474-1A3956D46DE8}") = "AspNetCore", "AspNetCore", "{EBC264EF-636C-42D0-9CF9-F5FD874354D4}"
EndProject
Project("{2150E333-8FDC-42A3-9474-1A3956D46DE8}") = "Blazor", "Blazor", "{DAA1FF40-201F-444E-A3EF-FB83FB5D8F96}"
EndProject
Project("{9A19103F-16F7-4668-BE54-9A1E7A4F7556}") = "TestBlazorApp.Server", "test\TestBlazorApp.Server\TestBlazorApp.Server.csproj", "{61F66164-B2DE-4623-99B1-0407A8F56F1E}"
EndProject
Project("{9A19103F-16F7-4668-BE54-9A1E7A4F7556}") = "TestBlazorApp.Views", "test\TestBlazorApp.Views\TestBlazorApp.Views.csproj", "{AC543DFE-E8AD-4EB6-9C7D-1DED7A93938A}"
EndProject
Project("{9A19103F-16F7-4668-BE54-9A1E7A4F7556}") = "TestBlazorApp.Shared", "test\TestBlazorApp.Shared\TestBlazorApp.Shared.csproj", "{CA3BA183-5937-4484-8FDB-1A1E80C9077D}"
EndProject
Project("{9A19103F-16F7-4668-BE54-9A1E7A4F7556}") = "TestBlazorApp.Clients", "test\TestBlazorApp.Clients\TestBlazorApp.Clients.csproj", "{BBE6C596-7295-420D-9814-829933A8F6AF}"
EndProject
Project("{9A19103F-16F7-4668-BE54-9A1E7A4F7556}") = "TestWebApp.Tests", "test\TestWebApp.Tests\TestWebApp.Tests.csproj", "{65D34793-90AA-4641-80DC-A8B092E40DAC}"
EndProject
Project("{9A19103F-16F7-4668-BE54-9A1E7A4F7556}") = "TestWebApp.Contracts", "test\TestWebApp.Contracts\TestWebApp.Contracts.csproj", "{D21B21B7-CCF3-4C68-8F90-DC045ABE3DCA}"
EndProject
Project("{9A19103F-16F7-4668-BE54-9A1E7A4F7556}") = "AspNetCore.Client.Protobuf", "src\AspNetCore.Client.Protobuf\AspNetCore.Client.Protobuf.csproj", "{4F89E001-24D2-4464-9577-6768E31C510D}"
EndProject
Project("{9A19103F-16F7-4668-BE54-9A1E7A4F7556}") = "AspNetCore.Client.BlazorJson", "src\AspNetCore.Client.BlazorJson\AspNetCore.Client.BlazorJson.csproj", "{F911F6A0-CBE9-4B4C-91AA-41C3EF3B62A3}"
EndProject
Project("{9A19103F-16F7-4668-BE54-9A1E7A4F7556}") = "TestBlazorApp.Tests", "test\TestBlazorApp.Tests\TestBlazorApp.Tests.csproj", "{B28C16E6-4FDB-4245-AB1B-F4928CC9B611}"
EndProject
Project("{9A19103F-16F7-4668-BE54-9A1E7A4F7556}") = "AspNetCore.Client.Generator.Framework", "src\AspNetCore.Client.Generator.Framework\AspNetCore.Client.Generator.Framework.csproj", "{862DD062-0098-4700-8CDB-7570AF9655F7}"
EndProject
Project("{9A19103F-16F7-4668-BE54-9A1E7A4F7556}") = "TestWebApp.Console", "test\TestWebApp.Console\TestWebApp.Console.csproj", "{8150D22C-D1F4-4D14-9B39-2D81A2B75FA7}"
EndProject
Project("{2150E333-8FDC-42A3-9474-1A3956D46DE8}") = "Functions", "Functions", "{344CED97-6C7C-4EC5-BA25-B967521598F5}"
EndProject
Project("{9A19103F-16F7-4668-BE54-9A1E7A4F7556}") = "TestAzureFunction", "test\TestAzureFunction\TestAzureFunction.csproj", "{EC486723-64AF-45BE-AC74-8021A24994AB}"
EndProject
Project("{9A19103F-16F7-4668-BE54-9A1E7A4F7556}") = "TestAzureFunction.Clients", "test\TestAzureFunction.Clients\TestAzureFunction.Clients.csproj", "{54656466-4617-4B86-AD56-4DA8C15CA640}"
EndProject
Project("{9A19103F-16F7-4668-BE54-9A1E7A4F7556}") = "TestAzureFunction.Contracts", "test\TestAzureFunction.Contracts\TestAzureFunction.Contracts.csproj", "{11133C2A-4AB2-45F5-876F-F22AB024A67C}"
EndProject
Project("{9A19103F-16F7-4668-BE54-9A1E7A4F7556}") = "AspNetCore.Server", "src\AspNetCore.Server\AspNetCore.Server.csproj", "{60B21E11-0738-4A29-B518-329EA8470140}"
EndProject
Project("{9A19103F-16F7-4668-BE54-9A1E7A4F7556}") = "AspNetCore.Client.MessagePack", "src\AspNetCore.Client.MessagePack\AspNetCore.Client.MessagePack.csproj", "{2075D5BC-D4B9-4B0D-948C-399200598110}"
EndProject
Project("{9A19103F-16F7-4668-BE54-9A1E7A4F7556}") = "TestAzureFunction.Tests", "test\TestAzureFunction.Tests\TestAzureFunction.Tests.csproj", "{E58B7973-8AF8-4FEF-8855-F10DEFCB7A92}"
EndProject
Project("{2150E333-8FDC-42A3-9474-1A3956D46DE8}") = "Functions2", "Functions2", "{7BFCD5A4-715F-47CA-BFB4-ED3CD7D70F97}"
EndProject
Project("{9A19103F-16F7-4668-BE54-9A1E7A4F7556}") = "FunctionApp2.Clients", "test\FunctionApp2.Clients\FunctionApp2.Clients.csproj", "{B1B79A7A-DDEC-466A-9755-78E52641C7B7}"
EndProject
Project("{9A19103F-16F7-4668-BE54-9A1E7A4F7556}") = "FunctionApp2", "test\FunctionApp2\FunctionApp2.csproj", "{3AF190F0-6B8E-47B3-9C29-F4A0EE19D314}"
EndProject
Project("{9A19103F-16F7-4668-BE54-9A1E7A4F7556}") = "AspNetCore.Client.Test.Generator", "test\AspNetCore.Client.Test.Generator\AspNetCore.Client.Test.Generator.csproj", "{EC477C06-BCEF-439B-A434-3EC894B7A44A}"
EndProject
Project("{9A19103F-16F7-4668-BE54-9A1E7A4F7556}") = "AspNetCore.Client.Generator", "src\AspNetCore.Client.Generator\AspNetCore.Client.Generator.csproj", "{34C4FE4E-7236-4A5B-98A9-BE17EB31F0D0}"
EndProject
Project("{9A19103F-16F7-4668-BE54-9A1E7A4F7556}") = "AspNetCore.Client.JSInterop", "src\AspNetCore.Client.JSInterop\AspNetCore.Client.JSInterop.csproj", "{C2D5F971-B739-4BE6-B947-8540C81E3F77}"
EndProject
Global
	GlobalSection(SolutionConfigurationPlatforms) = preSolution
		Debug|Any CPU = Debug|Any CPU
		Release|Any CPU = Release|Any CPU
	EndGlobalSection
	GlobalSection(ProjectConfigurationPlatforms) = postSolution
		{3709B2AC-A6E2-4707-A2F4-DBE6AFC3A012}.Debug|Any CPU.ActiveCfg = Debug|Any CPU
		{3709B2AC-A6E2-4707-A2F4-DBE6AFC3A012}.Debug|Any CPU.Build.0 = Debug|Any CPU
		{3709B2AC-A6E2-4707-A2F4-DBE6AFC3A012}.Release|Any CPU.ActiveCfg = Release|Any CPU
		{3709B2AC-A6E2-4707-A2F4-DBE6AFC3A012}.Release|Any CPU.Build.0 = Release|Any CPU
		{303D91A0-1A4E-4F98-A81F-35072F18C19A}.Debug|Any CPU.ActiveCfg = Debug|Any CPU
		{303D91A0-1A4E-4F98-A81F-35072F18C19A}.Debug|Any CPU.Build.0 = Debug|Any CPU
		{303D91A0-1A4E-4F98-A81F-35072F18C19A}.Release|Any CPU.ActiveCfg = Release|Any CPU
		{303D91A0-1A4E-4F98-A81F-35072F18C19A}.Release|Any CPU.Build.0 = Release|Any CPU
		{D59C431C-CAB3-4BAD-8AAA-2D2042E492D3}.Debug|Any CPU.ActiveCfg = Debug|Any CPU
		{D59C431C-CAB3-4BAD-8AAA-2D2042E492D3}.Debug|Any CPU.Build.0 = Debug|Any CPU
		{D59C431C-CAB3-4BAD-8AAA-2D2042E492D3}.Release|Any CPU.ActiveCfg = Release|Any CPU
		{D59C431C-CAB3-4BAD-8AAA-2D2042E492D3}.Release|Any CPU.Build.0 = Release|Any CPU
		{61F66164-B2DE-4623-99B1-0407A8F56F1E}.Debug|Any CPU.ActiveCfg = Debug|Any CPU
		{61F66164-B2DE-4623-99B1-0407A8F56F1E}.Debug|Any CPU.Build.0 = Debug|Any CPU
		{61F66164-B2DE-4623-99B1-0407A8F56F1E}.Release|Any CPU.ActiveCfg = Release|Any CPU
		{61F66164-B2DE-4623-99B1-0407A8F56F1E}.Release|Any CPU.Build.0 = Release|Any CPU
		{AC543DFE-E8AD-4EB6-9C7D-1DED7A93938A}.Debug|Any CPU.ActiveCfg = Debug|Any CPU
		{AC543DFE-E8AD-4EB6-9C7D-1DED7A93938A}.Debug|Any CPU.Build.0 = Debug|Any CPU
		{AC543DFE-E8AD-4EB6-9C7D-1DED7A93938A}.Release|Any CPU.ActiveCfg = Release|Any CPU
		{AC543DFE-E8AD-4EB6-9C7D-1DED7A93938A}.Release|Any CPU.Build.0 = Release|Any CPU
		{CA3BA183-5937-4484-8FDB-1A1E80C9077D}.Debug|Any CPU.ActiveCfg = Debug|Any CPU
		{CA3BA183-5937-4484-8FDB-1A1E80C9077D}.Debug|Any CPU.Build.0 = Debug|Any CPU
		{CA3BA183-5937-4484-8FDB-1A1E80C9077D}.Release|Any CPU.ActiveCfg = Release|Any CPU
		{CA3BA183-5937-4484-8FDB-1A1E80C9077D}.Release|Any CPU.Build.0 = Release|Any CPU
		{BBE6C596-7295-420D-9814-829933A8F6AF}.Debug|Any CPU.ActiveCfg = Debug|Any CPU
		{BBE6C596-7295-420D-9814-829933A8F6AF}.Debug|Any CPU.Build.0 = Debug|Any CPU
		{BBE6C596-7295-420D-9814-829933A8F6AF}.Release|Any CPU.ActiveCfg = Release|Any CPU
		{BBE6C596-7295-420D-9814-829933A8F6AF}.Release|Any CPU.Build.0 = Release|Any CPU
		{65D34793-90AA-4641-80DC-A8B092E40DAC}.Debug|Any CPU.ActiveCfg = Debug|Any CPU
		{65D34793-90AA-4641-80DC-A8B092E40DAC}.Debug|Any CPU.Build.0 = Debug|Any CPU
		{65D34793-90AA-4641-80DC-A8B092E40DAC}.Release|Any CPU.ActiveCfg = Release|Any CPU
		{65D34793-90AA-4641-80DC-A8B092E40DAC}.Release|Any CPU.Build.0 = Release|Any CPU
		{D21B21B7-CCF3-4C68-8F90-DC045ABE3DCA}.Debug|Any CPU.ActiveCfg = Debug|Any CPU
		{D21B21B7-CCF3-4C68-8F90-DC045ABE3DCA}.Debug|Any CPU.Build.0 = Debug|Any CPU
		{D21B21B7-CCF3-4C68-8F90-DC045ABE3DCA}.Release|Any CPU.ActiveCfg = Release|Any CPU
		{D21B21B7-CCF3-4C68-8F90-DC045ABE3DCA}.Release|Any CPU.Build.0 = Release|Any CPU
		{4F89E001-24D2-4464-9577-6768E31C510D}.Debug|Any CPU.ActiveCfg = Debug|Any CPU
		{4F89E001-24D2-4464-9577-6768E31C510D}.Debug|Any CPU.Build.0 = Debug|Any CPU
		{4F89E001-24D2-4464-9577-6768E31C510D}.Release|Any CPU.ActiveCfg = Release|Any CPU
		{4F89E001-24D2-4464-9577-6768E31C510D}.Release|Any CPU.Build.0 = Release|Any CPU
		{F911F6A0-CBE9-4B4C-91AA-41C3EF3B62A3}.Debug|Any CPU.ActiveCfg = Debug|Any CPU
		{F911F6A0-CBE9-4B4C-91AA-41C3EF3B62A3}.Debug|Any CPU.Build.0 = Debug|Any CPU
		{F911F6A0-CBE9-4B4C-91AA-41C3EF3B62A3}.Release|Any CPU.ActiveCfg = Release|Any CPU
		{F911F6A0-CBE9-4B4C-91AA-41C3EF3B62A3}.Release|Any CPU.Build.0 = Release|Any CPU
		{B28C16E6-4FDB-4245-AB1B-F4928CC9B611}.Debug|Any CPU.ActiveCfg = Debug|Any CPU
		{B28C16E6-4FDB-4245-AB1B-F4928CC9B611}.Debug|Any CPU.Build.0 = Debug|Any CPU
		{B28C16E6-4FDB-4245-AB1B-F4928CC9B611}.Release|Any CPU.ActiveCfg = Release|Any CPU
		{B28C16E6-4FDB-4245-AB1B-F4928CC9B611}.Release|Any CPU.Build.0 = Release|Any CPU
		{862DD062-0098-4700-8CDB-7570AF9655F7}.Debug|Any CPU.ActiveCfg = Debug|Any CPU
		{862DD062-0098-4700-8CDB-7570AF9655F7}.Debug|Any CPU.Build.0 = Debug|Any CPU
		{862DD062-0098-4700-8CDB-7570AF9655F7}.Release|Any CPU.ActiveCfg = Release|Any CPU
		{862DD062-0098-4700-8CDB-7570AF9655F7}.Release|Any CPU.Build.0 = Release|Any CPU
		{8150D22C-D1F4-4D14-9B39-2D81A2B75FA7}.Debug|Any CPU.ActiveCfg = Debug|Any CPU
		{8150D22C-D1F4-4D14-9B39-2D81A2B75FA7}.Debug|Any CPU.Build.0 = Debug|Any CPU
		{8150D22C-D1F4-4D14-9B39-2D81A2B75FA7}.Release|Any CPU.ActiveCfg = Release|Any CPU
		{8150D22C-D1F4-4D14-9B39-2D81A2B75FA7}.Release|Any CPU.Build.0 = Release|Any CPU
		{EC486723-64AF-45BE-AC74-8021A24994AB}.Debug|Any CPU.ActiveCfg = Debug|Any CPU
		{EC486723-64AF-45BE-AC74-8021A24994AB}.Debug|Any CPU.Build.0 = Debug|Any CPU
		{EC486723-64AF-45BE-AC74-8021A24994AB}.Release|Any CPU.ActiveCfg = Release|Any CPU
		{EC486723-64AF-45BE-AC74-8021A24994AB}.Release|Any CPU.Build.0 = Release|Any CPU
		{54656466-4617-4B86-AD56-4DA8C15CA640}.Debug|Any CPU.ActiveCfg = Debug|Any CPU
		{54656466-4617-4B86-AD56-4DA8C15CA640}.Debug|Any CPU.Build.0 = Debug|Any CPU
		{54656466-4617-4B86-AD56-4DA8C15CA640}.Release|Any CPU.ActiveCfg = Release|Any CPU
		{54656466-4617-4B86-AD56-4DA8C15CA640}.Release|Any CPU.Build.0 = Release|Any CPU
		{11133C2A-4AB2-45F5-876F-F22AB024A67C}.Debug|Any CPU.ActiveCfg = Debug|Any CPU
		{11133C2A-4AB2-45F5-876F-F22AB024A67C}.Debug|Any CPU.Build.0 = Debug|Any CPU
		{11133C2A-4AB2-45F5-876F-F22AB024A67C}.Release|Any CPU.ActiveCfg = Release|Any CPU
		{11133C2A-4AB2-45F5-876F-F22AB024A67C}.Release|Any CPU.Build.0 = Release|Any CPU
		{60B21E11-0738-4A29-B518-329EA8470140}.Debug|Any CPU.ActiveCfg = Debug|Any CPU
		{60B21E11-0738-4A29-B518-329EA8470140}.Debug|Any CPU.Build.0 = Debug|Any CPU
		{60B21E11-0738-4A29-B518-329EA8470140}.Release|Any CPU.ActiveCfg = Release|Any CPU
		{60B21E11-0738-4A29-B518-329EA8470140}.Release|Any CPU.Build.0 = Release|Any CPU
		{2075D5BC-D4B9-4B0D-948C-399200598110}.Debug|Any CPU.ActiveCfg = Debug|Any CPU
		{2075D5BC-D4B9-4B0D-948C-399200598110}.Debug|Any CPU.Build.0 = Debug|Any CPU
		{2075D5BC-D4B9-4B0D-948C-399200598110}.Release|Any CPU.ActiveCfg = Release|Any CPU
		{2075D5BC-D4B9-4B0D-948C-399200598110}.Release|Any CPU.Build.0 = Release|Any CPU
		{E58B7973-8AF8-4FEF-8855-F10DEFCB7A92}.Debug|Any CPU.ActiveCfg = Debug|Any CPU
		{E58B7973-8AF8-4FEF-8855-F10DEFCB7A92}.Debug|Any CPU.Build.0 = Debug|Any CPU
		{E58B7973-8AF8-4FEF-8855-F10DEFCB7A92}.Release|Any CPU.ActiveCfg = Release|Any CPU
		{E58B7973-8AF8-4FEF-8855-F10DEFCB7A92}.Release|Any CPU.Build.0 = Release|Any CPU
		{B1B79A7A-DDEC-466A-9755-78E52641C7B7}.Debug|Any CPU.ActiveCfg = Debug|Any CPU
		{B1B79A7A-DDEC-466A-9755-78E52641C7B7}.Debug|Any CPU.Build.0 = Debug|Any CPU
		{B1B79A7A-DDEC-466A-9755-78E52641C7B7}.Release|Any CPU.ActiveCfg = Release|Any CPU
		{B1B79A7A-DDEC-466A-9755-78E52641C7B7}.Release|Any CPU.Build.0 = Release|Any CPU
		{3AF190F0-6B8E-47B3-9C29-F4A0EE19D314}.Debug|Any CPU.ActiveCfg = Debug|Any CPU
		{3AF190F0-6B8E-47B3-9C29-F4A0EE19D314}.Debug|Any CPU.Build.0 = Debug|Any CPU
		{3AF190F0-6B8E-47B3-9C29-F4A0EE19D314}.Release|Any CPU.ActiveCfg = Release|Any CPU
		{3AF190F0-6B8E-47B3-9C29-F4A0EE19D314}.Release|Any CPU.Build.0 = Release|Any CPU
		{EC477C06-BCEF-439B-A434-3EC894B7A44A}.Debug|Any CPU.ActiveCfg = Debug|Any CPU
		{EC477C06-BCEF-439B-A434-3EC894B7A44A}.Debug|Any CPU.Build.0 = Debug|Any CPU
		{EC477C06-BCEF-439B-A434-3EC894B7A44A}.Release|Any CPU.ActiveCfg = Release|Any CPU
		{EC477C06-BCEF-439B-A434-3EC894B7A44A}.Release|Any CPU.Build.0 = Release|Any CPU
		{34C4FE4E-7236-4A5B-98A9-BE17EB31F0D0}.Debug|Any CPU.ActiveCfg = Debug|Any CPU
		{34C4FE4E-7236-4A5B-98A9-BE17EB31F0D0}.Debug|Any CPU.Build.0 = Debug|Any CPU
		{34C4FE4E-7236-4A5B-98A9-BE17EB31F0D0}.Release|Any CPU.ActiveCfg = Release|Any CPU
		{34C4FE4E-7236-4A5B-98A9-BE17EB31F0D0}.Release|Any CPU.Build.0 = Release|Any CPU
		{C2D5F971-B739-4BE6-B947-8540C81E3F77}.Debug|Any CPU.ActiveCfg = Debug|Any CPU
		{C2D5F971-B739-4BE6-B947-8540C81E3F77}.Debug|Any CPU.Build.0 = Debug|Any CPU
		{C2D5F971-B739-4BE6-B947-8540C81E3F77}.Release|Any CPU.ActiveCfg = Release|Any CPU
		{C2D5F971-B739-4BE6-B947-8540C81E3F77}.Release|Any CPU.Build.0 = Release|Any CPU
	EndGlobalSection
	GlobalSection(SolutionProperties) = preSolution
		HideSolutionNode = FALSE
	EndGlobalSection
	GlobalSection(NestedProjects) = preSolution
		{3709B2AC-A6E2-4707-A2F4-DBE6AFC3A012} = {F0EC1B44-13B2-4817-80A8-D67960BD79E1}
		{303D91A0-1A4E-4F98-A81F-35072F18C19A} = {EBC264EF-636C-42D0-9CF9-F5FD874354D4}
		{D59C431C-CAB3-4BAD-8AAA-2D2042E492D3} = {EBC264EF-636C-42D0-9CF9-F5FD874354D4}
		{EBC264EF-636C-42D0-9CF9-F5FD874354D4} = {765F8CBA-ECD0-4E5B-AB1D-AC0F508A05AC}
		{DAA1FF40-201F-444E-A3EF-FB83FB5D8F96} = {765F8CBA-ECD0-4E5B-AB1D-AC0F508A05AC}
		{61F66164-B2DE-4623-99B1-0407A8F56F1E} = {DAA1FF40-201F-444E-A3EF-FB83FB5D8F96}
		{AC543DFE-E8AD-4EB6-9C7D-1DED7A93938A} = {DAA1FF40-201F-444E-A3EF-FB83FB5D8F96}
		{CA3BA183-5937-4484-8FDB-1A1E80C9077D} = {DAA1FF40-201F-444E-A3EF-FB83FB5D8F96}
		{BBE6C596-7295-420D-9814-829933A8F6AF} = {DAA1FF40-201F-444E-A3EF-FB83FB5D8F96}
		{65D34793-90AA-4641-80DC-A8B092E40DAC} = {EBC264EF-636C-42D0-9CF9-F5FD874354D4}
		{D21B21B7-CCF3-4C68-8F90-DC045ABE3DCA} = {EBC264EF-636C-42D0-9CF9-F5FD874354D4}
		{4F89E001-24D2-4464-9577-6768E31C510D} = {F0EC1B44-13B2-4817-80A8-D67960BD79E1}
		{F911F6A0-CBE9-4B4C-91AA-41C3EF3B62A3} = {F0EC1B44-13B2-4817-80A8-D67960BD79E1}
		{B28C16E6-4FDB-4245-AB1B-F4928CC9B611} = {DAA1FF40-201F-444E-A3EF-FB83FB5D8F96}
		{862DD062-0098-4700-8CDB-7570AF9655F7} = {F0EC1B44-13B2-4817-80A8-D67960BD79E1}
		{8150D22C-D1F4-4D14-9B39-2D81A2B75FA7} = {EBC264EF-636C-42D0-9CF9-F5FD874354D4}
		{344CED97-6C7C-4EC5-BA25-B967521598F5} = {765F8CBA-ECD0-4E5B-AB1D-AC0F508A05AC}
		{EC486723-64AF-45BE-AC74-8021A24994AB} = {344CED97-6C7C-4EC5-BA25-B967521598F5}
		{54656466-4617-4B86-AD56-4DA8C15CA640} = {344CED97-6C7C-4EC5-BA25-B967521598F5}
		{11133C2A-4AB2-45F5-876F-F22AB024A67C} = {344CED97-6C7C-4EC5-BA25-B967521598F5}
		{60B21E11-0738-4A29-B518-329EA8470140} = {F0EC1B44-13B2-4817-80A8-D67960BD79E1}
		{2075D5BC-D4B9-4B0D-948C-399200598110} = {F0EC1B44-13B2-4817-80A8-D67960BD79E1}
		{E58B7973-8AF8-4FEF-8855-F10DEFCB7A92} = {344CED97-6C7C-4EC5-BA25-B967521598F5}
		{7BFCD5A4-715F-47CA-BFB4-ED3CD7D70F97} = {765F8CBA-ECD0-4E5B-AB1D-AC0F508A05AC}
		{B1B79A7A-DDEC-466A-9755-78E52641C7B7} = {7BFCD5A4-715F-47CA-BFB4-ED3CD7D70F97}
		{3AF190F0-6B8E-47B3-9C29-F4A0EE19D314} = {7BFCD5A4-715F-47CA-BFB4-ED3CD7D70F97}
		{EC477C06-BCEF-439B-A434-3EC894B7A44A} = {765F8CBA-ECD0-4E5B-AB1D-AC0F508A05AC}
		{34C4FE4E-7236-4A5B-98A9-BE17EB31F0D0} = {F0EC1B44-13B2-4817-80A8-D67960BD79E1}
		{C2D5F971-B739-4BE6-B947-8540C81E3F77} = {F0EC1B44-13B2-4817-80A8-D67960BD79E1}
	EndGlobalSection
	GlobalSection(ExtensibilityGlobals) = postSolution
		SolutionGuid = {FCFD7864-E2E5-4CF3-9A6D-D53B4F4E8AE0}
	EndGlobalSection
EndGlobal
